
Microsoft Visual Studio Solution File, Format Version 12.00
# Visual Studio 15
VisualStudioVersion = 15.0.27004.2009
MinimumVisualStudioVersion = 10.0.40219.1
Project("{FAE04EC0-301F-11D3-BF4B-00C04F79EFBC}") = "OfficeDrawing", "OfficeDrawing\OfficeDrawing.csproj", "{5877F452-19D0-4578-904E-1B63D6722BF4}"
EndProject
Project("{FAE04EC0-301F-11D3-BF4B-00C04F79EFBC}") = "CDynamics", "CDynamics\CDynamics.csproj", "{24FBC255-DE12-42A4-A8A3-3693F240C18F}"
EndProject
Global
	GlobalSection(SolutionConfigurationPlatforms) = preSolution
		Debug|Any CPU = Debug|Any CPU
		Release|Any CPU = Release|Any CPU
	EndGlobalSection
	GlobalSection(ProjectConfigurationPlatforms) = postSolution
		{5877F452-19D0-4578-904E-1B63D6722BF4}.Debug|Any CPU.ActiveCfg = Debug|Any CPU
		{5877F452-19D0-4578-904E-1B63D6722BF4}.Debug|Any CPU.Build.0 = Debug|Any CPU
		{5877F452-19D0-4578-904E-1B63D6722BF4}.Release|Any CPU.ActiveCfg = Release|Any CPU
		{5877F452-19D0-4578-904E-1B63D6722BF4}.Release|Any CPU.Build.0 = Release|Any CPU
		{24FBC255-DE12-42A4-A8A3-3693F240C18F}.Debug|Any CPU.ActiveCfg = Debug|Any CPU
		{24FBC255-DE12-42A4-A8A3-3693F240C18F}.Debug|Any CPU.Build.0 = Debug|Any CPU
		{24FBC255-DE12-42A4-A8A3-3693F240C18F}.Release|Any CPU.ActiveCfg = Release|Any CPU
		{24FBC255-DE12-42A4-A8A3-3693F240C18F}.Release|Any CPU.Build.0 = Release|Any CPU
	EndGlobalSection
	GlobalSection(SolutionProperties) = preSolution
		HideSolutionNode = FALSE
	EndGlobalSection
	GlobalSection(ExtensibilityGlobals) = postSolution
		SolutionGuid = {5D4551A6-4B6E-4197-B7FE-98F7EED7F0FB}
	EndGlobalSection
EndGlobal
