
Microsoft Visual Studio Solution File, Format Version 12.00
# Visual Studio 15
VisualStudioVersion = 15.0.26403.7
MinimumVisualStudioVersion = 10.0.40219.1
Project("{FAE04EC0-301F-11D3-BF4B-00C04F79EFBC}") = "GloboMart.PricingService", "GloboMart.PricingService\GloboMart.PricingService.csproj", "{DE8FCD71-FEC4-4DE2-B7C4-998938E6E997}"
EndProject
Project("{FAE04EC0-301F-11D3-BF4B-00C04F79EFBC}") = "GloboMart.Entities", "..\GloboMart.ProductCatalogueService\GloboMart.Entities\GloboMart.Entities.csproj", "{7D55D88F-7F9D-480F-9859-3ACFCBDCBF58}"
EndProject
Project("{FAE04EC0-301F-11D3-BF4B-00C04F79EFBC}") = "GloboMart.Interface", "..\GloboMart.ProductCatalogueService\GloboMart.Interface\GloboMart.Interface.csproj", "{FB7C421D-E989-4D9D-B6D2-BB4DB8BD5B93}"
EndProject
Project("{FAE04EC0-301F-11D3-BF4B-00C04F79EFBC}") = "GloboMart.ProductRepository", "..\GloboMart.ProductCatalogueService\GloboMart.ProductRepository\GloboMart.ProductRepository.csproj", "{465B7EFA-7E7E-4863-99C6-99D6FCAFE327}"
EndProject
Global
	GlobalSection(SolutionConfigurationPlatforms) = preSolution
		Debug|Any CPU = Debug|Any CPU
		Release|Any CPU = Release|Any CPU
	EndGlobalSection
	GlobalSection(ProjectConfigurationPlatforms) = postSolution
		{DE8FCD71-FEC4-4DE2-B7C4-998938E6E997}.Debug|Any CPU.ActiveCfg = Debug|Any CPU
		{DE8FCD71-FEC4-4DE2-B7C4-998938E6E997}.Debug|Any CPU.Build.0 = Debug|Any CPU
		{DE8FCD71-FEC4-4DE2-B7C4-998938E6E997}.Release|Any CPU.ActiveCfg = Release|Any CPU
		{DE8FCD71-FEC4-4DE2-B7C4-998938E6E997}.Release|Any CPU.Build.0 = Release|Any CPU
		{7D55D88F-7F9D-480F-9859-3ACFCBDCBF58}.Debug|Any CPU.ActiveCfg = Debug|Any CPU
		{7D55D88F-7F9D-480F-9859-3ACFCBDCBF58}.Debug|Any CPU.Build.0 = Debug|Any CPU
		{7D55D88F-7F9D-480F-9859-3ACFCBDCBF58}.Release|Any CPU.ActiveCfg = Release|Any CPU
		{7D55D88F-7F9D-480F-9859-3ACFCBDCBF58}.Release|Any CPU.Build.0 = Release|Any CPU
		{FB7C421D-E989-4D9D-B6D2-BB4DB8BD5B93}.Debug|Any CPU.ActiveCfg = Debug|Any CPU
		{FB7C421D-E989-4D9D-B6D2-BB4DB8BD5B93}.Debug|Any CPU.Build.0 = Debug|Any CPU
		{FB7C421D-E989-4D9D-B6D2-BB4DB8BD5B93}.Release|Any CPU.ActiveCfg = Release|Any CPU
		{FB7C421D-E989-4D9D-B6D2-BB4DB8BD5B93}.Release|Any CPU.Build.0 = Release|Any CPU
		{465B7EFA-7E7E-4863-99C6-99D6FCAFE327}.Debug|Any CPU.ActiveCfg = Debug|Any CPU
		{465B7EFA-7E7E-4863-99C6-99D6FCAFE327}.Debug|Any CPU.Build.0 = Debug|Any CPU
		{465B7EFA-7E7E-4863-99C6-99D6FCAFE327}.Release|Any CPU.ActiveCfg = Release|Any CPU
		{465B7EFA-7E7E-4863-99C6-99D6FCAFE327}.Release|Any CPU.Build.0 = Release|Any CPU
	EndGlobalSection
	GlobalSection(SolutionProperties) = preSolution
		HideSolutionNode = FALSE
	EndGlobalSection
EndGlobal
